
Microsoft Visual Studio Solution File, Format Version 12.00
# Visual Studio 15
Project("{FAE04EC0-301F-11D3-BF4B-00C04F79EFBC}") = "MultipeerConnectivity", "MultipeerConnectivity.csproj", "{EA5F6A5B-0B81-6F3F-6D62-B1201F3B8369}"
EndProject
Project("{FAE04EC0-301F-11D3-BF4B-00C04F79EFBC}") = "MultipeerConnectivity.Editor", "MultipeerConnectivity.Editor.csproj", "{C21F7535-6C35-70AE-3356-2352AF3CC157}"
EndProject
Global
	GlobalSection(SolutionConfigurationPlatforms) = preSolution
		Debug|Any CPU = Debug|Any CPU
		Release|Any CPU = Release|Any CPU
	EndGlobalSection
	GlobalSection(ProjectConfigurationPlatforms) = postSolution
		{EA5F6A5B-0B81-6F3F-6D62-B1201F3B8369}.Debug|Any CPU.ActiveCfg = Debug|Any CPU
		{EA5F6A5B-0B81-6F3F-6D62-B1201F3B8369}.Debug|Any CPU.Build.0 = Debug|Any CPU
		{EA5F6A5B-0B81-6F3F-6D62-B1201F3B8369}.Release|Any CPU.ActiveCfg = Release|Any CPU
		{EA5F6A5B-0B81-6F3F-6D62-B1201F3B8369}.Release|Any CPU.Build.0 = Release|Any CPU
		{C21F7535-6C35-70AE-3356-2352AF3CC157}.Debug|Any CPU.ActiveCfg = Debug|Any CPU
		{C21F7535-6C35-70AE-3356-2352AF3CC157}.Debug|Any CPU.Build.0 = Debug|Any CPU
		{C21F7535-6C35-70AE-3356-2352AF3CC157}.Release|Any CPU.ActiveCfg = Release|Any CPU
		{C21F7535-6C35-70AE-3356-2352AF3CC157}.Release|Any CPU.Build.0 = Release|Any CPU
	EndGlobalSection
	GlobalSection(SolutionProperties) = preSolution
		HideSolutionNode = FALSE
	EndGlobalSection
EndGlobal
